
Microsoft Visual Studio Solution File, Format Version 12.00
# Visual Studio Version 17
VisualStudioVersion = 17.5.2.0
MinimumVisualStudioVersion = 10.0.40219.1
Project("{FAE04EC0-301F-11D3-BF4B-00C04F79EFBC}") = "messaging", "src\messaging.csproj", "{3002361E-C562-B001-155E-7CB7258FE8B9}"
EndProject
Project("{FAE04EC0-301F-11D3-BF4B-00C04F79EFBC}") = "tests", "tests\tests.csproj", "{CEEE60E0-35AE-40AA-8898-17DE2824A738}"
EndProject
Project("{2150E333-8FDC-42A3-9474-1A3956D46DE8}") = "src", "src", "{827E0CD3-B72D-47B6-A68D-7590B98EB39B}"
EndProject
Global
	GlobalSection(SolutionConfigurationPlatforms) = preSolution
		Debug|Any CPU = Debug|Any CPU
		Debug|x64 = Debug|x64
		Debug|x86 = Debug|x86
		Release|Any CPU = Release|Any CPU
		Release|x64 = Release|x64
		Release|x86 = Release|x86
	EndGlobalSection
	GlobalSection(ProjectConfigurationPlatforms) = postSolution
		{3002361E-C562-B001-155E-7CB7258FE8B9}.Debug|Any CPU.ActiveCfg = Debug|Any CPU
		{3002361E-C562-B001-155E-7CB7258FE8B9}.Debug|Any CPU.Build.0 = Debug|Any CPU
		{3002361E-C562-B001-155E-7CB7258FE8B9}.Debug|x64.ActiveCfg = Debug|Any CPU
		{3002361E-C562-B001-155E-7CB7258FE8B9}.Debug|x64.Build.0 = Debug|Any CPU
		{3002361E-C562-B001-155E-7CB7258FE8B9}.Debug|x86.ActiveCfg = Debug|Any CPU
		{3002361E-C562-B001-155E-7CB7258FE8B9}.Debug|x86.Build.0 = Debug|Any CPU
		{3002361E-C562-B001-155E-7CB7258FE8B9}.Release|Any CPU.ActiveCfg = Release|Any CPU
		{3002361E-C562-B001-155E-7CB7258FE8B9}.Release|Any CPU.Build.0 = Release|Any CPU
		{3002361E-C562-B001-155E-7CB7258FE8B9}.Release|x64.ActiveCfg = Release|Any CPU
		{3002361E-C562-B001-155E-7CB7258FE8B9}.Release|x64.Build.0 = Release|Any CPU
		{3002361E-C562-B001-155E-7CB7258FE8B9}.Release|x86.ActiveCfg = Release|Any CPU
		{3002361E-C562-B001-155E-7CB7258FE8B9}.Release|x86.Build.0 = Release|Any CPU
		{CEEE60E0-35AE-40AA-8898-17DE2824A738}.Debug|Any CPU.ActiveCfg = Debug|Any CPU
		{CEEE60E0-35AE-40AA-8898-17DE2824A738}.Debug|Any CPU.Build.0 = Debug|Any CPU
		{CEEE60E0-35AE-40AA-8898-17DE2824A738}.Debug|x64.ActiveCfg = Debug|Any CPU
		{CEEE60E0-35AE-40AA-8898-17DE2824A738}.Debug|x64.Build.0 = Debug|Any CPU
		{CEEE60E0-35AE-40AA-8898-17DE2824A738}.Debug|x86.ActiveCfg = Debug|Any CPU
		{CEEE60E0-35AE-40AA-8898-17DE2824A738}.Debug|x86.Build.0 = Debug|Any CPU
		{CEEE60E0-35AE-40AA-8898-17DE2824A738}.Release|Any CPU.ActiveCfg = Release|Any CPU
		{CEEE60E0-35AE-40AA-8898-17DE2824A738}.Release|Any CPU.Build.0 = Release|Any CPU
		{CEEE60E0-35AE-40AA-8898-17DE2824A738}.Release|x64.ActiveCfg = Release|Any CPU
		{CEEE60E0-35AE-40AA-8898-17DE2824A738}.Release|x64.Build.0 = Release|Any CPU
		{CEEE60E0-35AE-40AA-8898-17DE2824A738}.Release|x86.ActiveCfg = Release|Any CPU
		{CEEE60E0-35AE-40AA-8898-17DE2824A738}.Release|x86.Build.0 = Release|Any CPU
	EndGlobalSection
	GlobalSection(SolutionProperties) = preSolution
		HideSolutionNode = FALSE
	EndGlobalSection
	GlobalSection(ExtensibilityGlobals) = postSolution
		SolutionGuid = {C3B89091-31AA-491F-907D-D53404EABA5E}
	EndGlobalSection
EndGlobal
